// !$*UTF8*$!
{
	archiveVersion = 1;
	classes = {
	};
	objectVersion = 50;
	objects = {

/* Begin PBXFileReference section */
		B1C23BF921CA9C98008AADF2 /* config.example.cfg */ = {isa = PBXFileReference; lastKnownFileType = text; name = config.example.cfg; path = src/server/config.example.cfg; sourceTree = "<group>"; };
		B1C23BFA21CA9C98008AADF2 /* config.cfg */ = {isa = PBXFileReference; lastKnownFileType = text; name = config.cfg; path = src/server/config.cfg; sourceTree = "<group>"; };
		B1C23BFB21CA9C98008AADF2 /* Program.sln */ = {isa = PBXFileReference; lastKnownFileType = text; name = Program.sln; path = src/server/Program.sln; sourceTree = "<group>"; };
		B1C23BFC21CA9C98008AADF2 /* Program.cs */ = {isa = PBXFileReference; lastKnownFileType = text; name = Program.cs; path = src/server/Program.cs; sourceTree = "<group>"; };
		B1C23BFD21CA9C98008AADF2 /* Helper */ = {isa = PBXFileReference; lastKnownFileType = folder; name = Helper; path = src/server/Helper; sourceTree = "<group>"; };
		B1C23BFE21CA9C99008AADF2 /* Controller */ = {isa = PBXFileReference; lastKnownFileType = folder; name = Controller; path = src/server/Controller; sourceTree = "<group>"; };
		B1C23BFF21CA9C99008AADF2 /* Administration */ = {isa = PBXFileReference; lastKnownFileType = folder; name = Administration; path = src/server/Administration; sourceTree = "<group>"; };
		B1C23C0021CA9C99008AADF2 /* Routes */ = {isa = PBXFileReference; lastKnownFileType = folder; name = Routes; path = src/server/Routes; sourceTree = "<group>"; };
		B1C23C0121CA9C99008AADF2 /* Types */ = {isa = PBXFileReference; lastKnownFileType = folder; name = Types; path = src/server/Types; sourceTree = "<group>"; };
		B1C23C0221CA9C99008AADF2 /* dep */ = {isa = PBXFileReference; lastKnownFileType = folder; name = dep; path = src/server/dep; sourceTree = "<group>"; };
/* End PBXFileReference section */

/* Begin PBXGroup section */
		B1C23BF221CA9BD1008AADF2 = {
			isa = PBXGroup;
			children = (
				B1C23BFF21CA9C99008AADF2 /* Administration */,
				B1C23BFA21CA9C98008AADF2 /* config.cfg */,
				B1C23BF921CA9C98008AADF2 /* config.example.cfg */,
				B1C23BFE21CA9C99008AADF2 /* Controller */,
				B1C23C0221CA9C99008AADF2 /* dep */,
				B1C23BFD21CA9C98008AADF2 /* Helper */,
				B1C23BFC21CA9C98008AADF2 /* Program.cs */,
				B1C23BFB21CA9C98008AADF2 /* Program.sln */,
				B1C23C0021CA9C99008AADF2 /* Routes */,
				B1C23C0121CA9C99008AADF2 /* Types */,
			);
			sourceTree = "<group>";
		};
/* End PBXGroup section */

/* Begin PBXProject section */
		B1C23BF321CA9BD1008AADF2 /* Project object */ = {
			isa = PBXProject;
			attributes = {
				LastUpgradeCheck = 1000;
			};
			buildConfigurationList = B1C23BF621CA9BD1008AADF2 /* Build configuration list for PBXProject "BKTMManager" */;
			compatibilityVersion = "Xcode 9.3";
			developmentRegion = en;
			hasScannedForEncodings = 0;
			knownRegions = (
				en,
			);
			mainGroup = B1C23BF221CA9BD1008AADF2;
			projectDirPath = "";
			projectRoot = "";
			targets = (
			);
		};
/* End PBXProject section */

/* Begin XCBuildConfiguration section */
		B1C23BF721CA9BD1008AADF2 /* Debug */ = {
			isa = XCBuildConfiguration;
			buildSettings = {
			};
			name = Debug;
		};
		B1C23BF821CA9BD1008AADF2 /* Release */ = {
			isa = XCBuildConfiguration;
			buildSettings = {
			};
			name = Release;
		};
/* End XCBuildConfiguration section */

/* Begin XCConfigurationList section */
		B1C23BF621CA9BD1008AADF2 /* Build configuration list for PBXProject "BKTMManager" */ = {
			isa = XCConfigurationList;
			buildConfigurations = (
				B1C23BF721CA9BD1008AADF2 /* Debug */,
				B1C23BF821CA9BD1008AADF2 /* Release */,
			);
			defaultConfigurationIsVisible = 0;
			defaultConfigurationName = Release;
		};
/* End XCConfigurationList section */
	};
	rootObject = B1C23BF321CA9BD1008AADF2 /* Project object */;
}
